// !$*UTF8*$!
{
	archiveVersion = 1;
	classes = {
	};
	objectVersion = 46;
	objects = {

/* Begin PBXBuildFile section */
		E0A5B4541F70C2B100B9396C /* libCSLogLib.a in Frameworks */ = {isa = PBXBuildFile; fileRef = E0A5B4531F70C2AA00B9396C /* libCSLogLib.a */; };
		E0C92CF11E8BFCAD00BA3258 /* main.m in Sources */ = {isa = PBXBuildFile; fileRef = E0C92CF01E8BFCAD00BA3258 /* main.m */; };
		E0C92CF41E8BFCAD00BA3258 /* AppDelegate.m in Sources */ = {isa = PBXBuildFile; fileRef = E0C92CF31E8BFCAD00BA3258 /* AppDelegate.m */; };
		E0C92CF71E8BFCAD00BA3258 /* ViewController.m in Sources */ = {isa = PBXBuildFile; fileRef = E0C92CF61E8BFCAD00BA3258 /* ViewController.m */; };
		E0C92CFA1E8BFCAD00BA3258 /* Main.storyboard in Resources */ = {isa = PBXBuildFile; fileRef = E0C92CF81E8BFCAD00BA3258 /* Main.storyboard */; };
		E0C92CFC1E8BFCAD00BA3258 /* Assets.xcassets in Resources */ = {isa = PBXBuildFile; fileRef = E0C92CFB1E8BFCAD00BA3258 /* Assets.xcassets */; };
		E0C92CFF1E8BFCAD00BA3258 /* LaunchScreen.storyboard in Resources */ = {isa = PBXBuildFile; fileRef = E0C92CFD1E8BFCAD00BA3258 /* LaunchScreen.storyboard */; };
		E0C92D0A1E8BFCAD00BA3258 /* TestAppTests.m in Sources */ = {isa = PBXBuildFile; fileRef = E0C92D091E8BFCAD00BA3258 /* TestAppTests.m */; };
/* End PBXBuildFile section */

/* Begin PBXContainerItemProxy section */
		E0A5B44E1F70C2AA00B9396C /* PBXContainerItemProxy */ = {
			isa = PBXContainerItemProxy;
			containerPortal = E0A5B4481F70C2AA00B9396C /* CSLog.xcodeproj */;
			proxyType = 2;
			remoteGlobalIDString = E0C92CC91E8BFBA200BA3258;
			remoteInfo = CSLog;
		};
		E0A5B4501F70C2AA00B9396C /* PBXContainerItemProxy */ = {
			isa = PBXContainerItemProxy;
			containerPortal = E0A5B4481F70C2AA00B9396C /* CSLog.xcodeproj */;
			proxyType = 2;
			remoteGlobalIDString = E0C92CD21E8BFBA300BA3258;
			remoteInfo = CSLogTests;
		};
		E0A5B4521F70C2AA00B9396C /* PBXContainerItemProxy */ = {
			isa = PBXContainerItemProxy;
			containerPortal = E0A5B4481F70C2AA00B9396C /* CSLog.xcodeproj */;
			proxyType = 2;
			remoteGlobalIDString = E08ABBF81E8F6F6E00D1C6FE;
			remoteInfo = CSLogLib;
		};
		E0C92D061E8BFCAD00BA3258 /* PBXContainerItemProxy */ = {
			isa = PBXContainerItemProxy;
			containerPortal = E0C92CE41E8BFCAD00BA3258 /* Project object */;
			proxyType = 1;
			remoteGlobalIDString = E0C92CEB1E8BFCAD00BA3258;
			remoteInfo = TestApp;
		};
/* End PBXContainerItemProxy section */

/* Begin PBXCopyFilesBuildPhase section */
		E0CA052B1E8F30BD00C7F2D6 /* CopyFiles */ = {
			isa = PBXCopyFilesBuildPhase;
			buildActionMask = 2147483647;
			dstPath = "";
			dstSubfolderSpec = 10;
			files = (
			);
			runOnlyForDeploymentPostprocessing = 0;
		};
/* End PBXCopyFilesBuildPhase section */

/* Begin PBXFileReference section */
		E0A5B4481F70C2AA00B9396C /* CSLog.xcodeproj */ = {isa = PBXFileReference; lastKnownFileType = "wrapper.pb-project"; name = CSLog.xcodeproj; path = ../CSLog/CSLog.xcodeproj; sourceTree = "<group>"; };
		E0C92CEC1E8BFCAD00BA3258 /* TestApp.app */ = {isa = PBXFileReference; explicitFileType = wrapper.application; includeInIndex = 0; path = TestApp.app; sourceTree = BUILT_PRODUCTS_DIR; };
		E0C92CF01E8BFCAD00BA3258 /* main.m */ = {isa = PBXFileReference; lastKnownFileType = sourcecode.c.objc; lineEnding = 0; path = main.m; sourceTree = "<group>"; xcLanguageSpecificationIdentifier = xcode.lang.objc; };
		E0C92CF21E8BFCAD00BA3258 /* AppDelegate.h */ = {isa = PBXFileReference; lastKnownFileType = sourcecode.c.h; lineEnding = 0; path = AppDelegate.h; sourceTree = "<group>"; xcLanguageSpecificationIdentifier = xcode.lang.objcpp; };
		E0C92CF31E8BFCAD00BA3258 /* AppDelegate.m */ = {isa = PBXFileReference; lastKnownFileType = sourcecode.c.objc; lineEnding = 0; path = AppDelegate.m; sourceTree = "<group>"; xcLanguageSpecificationIdentifier = xcode.lang.objc; };
		E0C92CF51E8BFCAD00BA3258 /* ViewController.h */ = {isa = PBXFileReference; lastKnownFileType = sourcecode.c.h; lineEnding = 0; path = ViewController.h; sourceTree = "<group>"; xcLanguageSpecificationIdentifier = xcode.lang.objcpp; };
		E0C92CF61E8BFCAD00BA3258 /* ViewController.m */ = {isa = PBXFileReference; lastKnownFileType = sourcecode.c.objc; path = ViewController.m; sourceTree = "<group>"; };
		E0C92CF91E8BFCAD00BA3258 /* Base */ = {isa = PBXFileReference; lastKnownFileType = file.storyboard; name = Base; path = Base.lproj/Main.storyboard; sourceTree = "<group>"; };
		E0C92CFB1E8BFCAD00BA3258 /* Assets.xcassets */ = {isa = PBXFileReference; lastKnownFileType = folder.assetcatalog; path = Assets.xcassets; sourceTree = "<group>"; };
		E0C92CFE1E8BFCAD00BA3258 /* Base */ = {isa = PBXFileReference; lastKnownFileType = file.storyboard; name = Base; path = Base.lproj/LaunchScreen.storyboard; sourceTree = "<group>"; };
		E0C92D001E8BFCAD00BA3258 /* Info.plist */ = {isa = PBXFileReference; lastKnownFileType = text.plist.xml; path = Info.plist; sourceTree = "<group>"; };
		E0C92D051E8BFCAD00BA3258 /* TestAppTests.xctest */ = {isa = PBXFileReference; explicitFileType = wrapper.cfbundle; includeInIndex = 0; path = TestAppTests.xctest; sourceTree = BUILT_PRODUCTS_DIR; };
		E0C92D091E8BFCAD00BA3258 /* TestAppTests.m */ = {isa = PBXFileReference; lastKnownFileType = sourcecode.c.objc; lineEnding = 0; path = TestAppTests.m; sourceTree = "<group>"; xcLanguageSpecificationIdentifier = xcode.lang.objc; };
		E0C92D0B1E8BFCAD00BA3258 /* Info.plist */ = {isa = PBXFileReference; lastKnownFileType = text.plist.xml; path = Info.plist; sourceTree = "<group>"; };
		E0FE11E91F6FACB2004A4515 /* CSLogger.h */ = {isa = PBXFileReference; fileEncoding = 4; lastKnownFileType = sourcecode.c.h; path = CSLogger.h; sourceTree = "<group>"; };
/* End PBXFileReference section */

/* Begin PBXFrameworksBuildPhase section */
		E0C92CE91E8BFCAD00BA3258 /* Frameworks */ = {
			isa = PBXFrameworksBuildPhase;
			buildActionMask = 2147483647;
			files = (
				E0A5B4541F70C2B100B9396C /* libCSLogLib.a in Frameworks */,
			);
			runOnlyForDeploymentPostprocessing = 0;
		};
		E0C92D021E8BFCAD00BA3258 /* Frameworks */ = {
			isa = PBXFrameworksBuildPhase;
			buildActionMask = 2147483647;
			files = (
			);
			runOnlyForDeploymentPostprocessing = 0;
		};
/* End PBXFrameworksBuildPhase section */

/* Begin PBXGroup section */
		E0A5B4491F70C2AA00B9396C /* Products */ = {
			isa = PBXGroup;
			children = (
				E0A5B44F1F70C2AA00B9396C /* CSLog.framework */,
				E0A5B4511F70C2AA00B9396C /* CSLogTests.xctest */,
				E0A5B4531F70C2AA00B9396C /* libCSLogLib.a */,
			);
			name = Products;
			sourceTree = "<group>";
		};
		E0C92CE31E8BFCAD00BA3258 = {
			isa = PBXGroup;
			children = (
				E0C92CEE1E8BFCAD00BA3258 /* TestApp */,
				E0C92D081E8BFCAD00BA3258 /* TestAppTests */,
				E0C92CED1E8BFCAD00BA3258 /* Products */,
				E0C92D181E8C019B00BA3258 /* Frameworks */,
			);
			sourceTree = "<group>";
		};
		E0C92CED1E8BFCAD00BA3258 /* Products */ = {
			isa = PBXGroup;
			children = (
				E0C92CEC1E8BFCAD00BA3258 /* TestApp.app */,
				E0C92D051E8BFCAD00BA3258 /* TestAppTests.xctest */,
			);
			name = Products;
			sourceTree = "<group>";
		};
		E0C92CEE1E8BFCAD00BA3258 /* TestApp */ = {
			isa = PBXGroup;
			children = (
				E0FE11E91F6FACB2004A4515 /* CSLogger.h */,
				E0C92CF21E8BFCAD00BA3258 /* AppDelegate.h */,
				E0C92CF31E8BFCAD00BA3258 /* AppDelegate.m */,
				E0C92CF51E8BFCAD00BA3258 /* ViewController.h */,
				E0C92CF61E8BFCAD00BA3258 /* ViewController.m */,
				E0C92CF81E8BFCAD00BA3258 /* Main.storyboard */,
				E0C92CFB1E8BFCAD00BA3258 /* Assets.xcassets */,
				E0C92CFD1E8BFCAD00BA3258 /* LaunchScreen.storyboard */,
				E0C92D001E8BFCAD00BA3258 /* Info.plist */,
				E0C92CEF1E8BFCAD00BA3258 /* Supporting Files */,
			);
			path = TestApp;
			sourceTree = "<group>";
		};
		E0C92CEF1E8BFCAD00BA3258 /* Supporting Files */ = {
			isa = PBXGroup;
			children = (
				E0C92CF01E8BFCAD00BA3258 /* main.m */,
			);
			name = "Supporting Files";
			sourceTree = "<group>";
		};
		E0C92D081E8BFCAD00BA3258 /* TestAppTests */ = {
			isa = PBXGroup;
			children = (
				E0C92D091E8BFCAD00BA3258 /* TestAppTests.m */,
				E0C92D0B1E8BFCAD00BA3258 /* Info.plist */,
			);
			path = TestAppTests;
			sourceTree = "<group>";
		};
		E0C92D181E8C019B00BA3258 /* Frameworks */ = {
			isa = PBXGroup;
			children = (
				E0A5B4481F70C2AA00B9396C /* CSLog.xcodeproj */,
			);
			name = Frameworks;
			sourceTree = "<group>";
		};
/* End PBXGroup section */

/* Begin PBXNativeTarget section */
		E0C92CEB1E8BFCAD00BA3258 /* TestApp */ = {
			isa = PBXNativeTarget;
			buildConfigurationList = E0C92D0E1E8BFCAD00BA3258 /* Build configuration list for PBXNativeTarget "TestApp" */;
			buildPhases = (
				E0C92CE81E8BFCAD00BA3258 /* Sources */,
				E0C92CE91E8BFCAD00BA3258 /* Frameworks */,
				E0C92CEA1E8BFCAD00BA3258 /* Resources */,
				E0CA052B1E8F30BD00C7F2D6 /* CopyFiles */,
			);
			buildRules = (
			);
			dependencies = (
			);
			name = TestApp;
			productName = TestApp;
			productReference = E0C92CEC1E8BFCAD00BA3258 /* TestApp.app */;
			productType = "com.apple.product-type.application";
		};
		E0C92D041E8BFCAD00BA3258 /* TestAppTests */ = {
			isa = PBXNativeTarget;
			buildConfigurationList = E0C92D111E8BFCAD00BA3258 /* Build configuration list for PBXNativeTarget "TestAppTests" */;
			buildPhases = (
				E0C92D011E8BFCAD00BA3258 /* Sources */,
				E0C92D021E8BFCAD00BA3258 /* Frameworks */,
				E0C92D031E8BFCAD00BA3258 /* Resources */,
			);
			buildRules = (
			);
			dependencies = (
				E0C92D071E8BFCAD00BA3258 /* PBXTargetDependency */,
			);
			name = TestAppTests;
			productName = TestAppTests;
			productReference = E0C92D051E8BFCAD00BA3258 /* TestAppTests.xctest */;
			productType = "com.apple.product-type.bundle.unit-test";
		};
/* End PBXNativeTarget section */

/* Begin PBXProject section */
		E0C92CE41E8BFCAD00BA3258 /* Project object */ = {
			isa = PBXProject;
			attributes = {
				LastUpgradeCheck = 0820;
				ORGANIZATIONNAME = CSDQ;
				TargetAttributes = {
					E0C92CEB1E8BFCAD00BA3258 = {
						CreatedOnToolsVersion = 8.2.1;
						ProvisioningStyle = Manual;
					};
					E0C92D041E8BFCAD00BA3258 = {
						CreatedOnToolsVersion = 8.2.1;
						ProvisioningStyle = Automatic;
						TestTargetID = E0C92CEB1E8BFCAD00BA3258;
					};
				};
			};
			buildConfigurationList = E0C92CE71E8BFCAD00BA3258 /* Build configuration list for PBXProject "TestApp" */;
			compatibilityVersion = "Xcode 3.2";
			developmentRegion = English;
			hasScannedForEncodings = 0;
			knownRegions = (
				en,
				Base,
			);
			mainGroup = E0C92CE31E8BFCAD00BA3258;
			productRefGroup = E0C92CED1E8BFCAD00BA3258 /* Products */;
			projectDirPath = "";
			projectReferences = (
				{
					ProductGroup = E0A5B4491F70C2AA00B9396C /* Products */;
					ProjectRef = E0A5B4481F70C2AA00B9396C /* CSLog.xcodeproj */;
				},
			);
			projectRoot = "";
			targets = (
				E0C92CEB1E8BFCAD00BA3258 /* TestApp */,
				E0C92D041E8BFCAD00BA3258 /* TestAppTests */,
			);
		};
/* End PBXProject section */

/* Begin PBXReferenceProxy section */
		E0A5B44F1F70C2AA00B9396C /* CSLog.framework */ = {
			isa = PBXReferenceProxy;
			fileType = wrapper.framework;
			path = CSLog.framework;
			remoteRef = E0A5B44E1F70C2AA00B9396C /* PBXContainerItemProxy */;
			sourceTree = BUILT_PRODUCTS_DIR;
		};
		E0A5B4511F70C2AA00B9396C /* CSLogTests.xctest */ = {
			isa = PBXReferenceProxy;
			fileType = wrapper.cfbundle;
			path = CSLogTests.xctest;
			remoteRef = E0A5B4501F70C2AA00B9396C /* PBXContainerItemProxy */;
			sourceTree = BUILT_PRODUCTS_DIR;
		};
		E0A5B4531F70C2AA00B9396C /* libCSLogLib.a */ = {
			isa = PBXReferenceProxy;
			fileType = archive.ar;
			path = libCSLogLib.a;
			remoteRef = E0A5B4521F70C2AA00B9396C /* PBXContainerItemProxy */;
			sourceTree = BUILT_PRODUCTS_DIR;
		};
/* End PBXReferenceProxy section */

/* Begin PBXResourcesBuildPhase section */
		E0C92CEA1E8BFCAD00BA3258 /* Resources */ = {
			isa = PBXResourcesBuildPhase;
			buildActionMask = 2147483647;
			files = (
				E0C92CFF1E8BFCAD00BA3258 /* LaunchScreen.storyboard in Resources */,
				E0C92CFC1E8BFCAD00BA3258 /* Assets.xcassets in Resources */,
				E0C92CFA1E8BFCAD00BA3258 /* Main.storyboard in Resources */,
			);
			runOnlyForDeploymentPostprocessing = 0;
		};
		E0C92D031E8BFCAD00BA3258 /* Resources */ = {
			isa = PBXResourcesBuildPhase;
			buildActionMask = 2147483647;
			files = (
			);
			runOnlyForDeploymentPostprocessing = 0;
		};
/* End PBXResourcesBuildPhase section */

/* Begin PBXSourcesBuildPhase section */
		E0C92CE81E8BFCAD00BA3258 /* Sources */ = {
			isa = PBXSourcesBuildPhase;
			buildActionMask = 2147483647;
			files = (
				E0C92CF71E8BFCAD00BA3258 /* ViewController.m in Sources */,
				E0C92CF41E8BFCAD00BA3258 /* AppDelegate.m in Sources */,
				E0C92CF11E8BFCAD00BA3258 /* main.m in Sources */,
			);
			runOnlyForDeploymentPostprocessing = 0;
		};
		E0C92D011E8BFCAD00BA3258 /* Sources */ = {
			isa = PBXSourcesBuildPhase;
			buildActionMask = 2147483647;
			files = (
				E0C92D0A1E8BFCAD00BA3258 /* TestAppTests.m in Sources */,
			);
			runOnlyForDeploymentPostprocessing = 0;
		};
/* End PBXSourcesBuildPhase section */

/* Begin PBXTargetDependency section */
		E0C92D071E8BFCAD00BA3258 /* PBXTargetDependency */ = {
			isa = PBXTargetDependency;
			target = E0C92CEB1E8BFCAD00BA3258 /* TestApp */;
			targetProxy = E0C92D061E8BFCAD00BA3258 /* PBXContainerItemProxy */;
		};
/* End PBXTargetDependency section */

/* Begin PBXVariantGroup section */
		E0C92CF81E8BFCAD00BA3258 /* Main.storyboard */ = {
			isa = PBXVariantGroup;
			children = (
				E0C92CF91E8BFCAD00BA3258 /* Base */,
			);
			name = Main.storyboard;
			sourceTree = "<group>";
		};
		E0C92CFD1E8BFCAD00BA3258 /* LaunchScreen.storyboard */ = {
			isa = PBXVariantGroup;
			children = (
				E0C92CFE1E8BFCAD00BA3258 /* Base */,
			);
			name = LaunchScreen.storyboard;
			sourceTree = "<group>";
		};
/* End PBXVariantGroup section */

/* Begin XCBuildConfiguration section */
		E0C92D0C1E8BFCAD00BA3258 /* Debug */ = {
			isa = XCBuildConfiguration;
			buildSettings = {
				ALWAYS_SEARCH_USER_PATHS = NO;
				CLANG_ANALYZER_NONNULL = YES;
				CLANG_CXX_LANGUAGE_STANDARD = "gnu++0x";
				CLANG_CXX_LIBRARY = "libc++";
				CLANG_ENABLE_MODULES = YES;
				CLANG_ENABLE_OBJC_ARC = YES;
				CLANG_WARN_BOOL_CONVERSION = YES;
				CLANG_WARN_CONSTANT_CONVERSION = YES;
				CLANG_WARN_DIRECT_OBJC_ISA_USAGE = YES_ERROR;
				CLANG_WARN_DOCUMENTATION_COMMENTS = YES;
				CLANG_WARN_EMPTY_BODY = YES;
				CLANG_WARN_ENUM_CONVERSION = YES;
				CLANG_WARN_INFINITE_RECURSION = YES;
				CLANG_WARN_INT_CONVERSION = YES;
				CLANG_WARN_OBJC_ROOT_CLASS = YES_ERROR;
				CLANG_WARN_SUSPICIOUS_MOVE = YES;
				CLANG_WARN_UNREACHABLE_CODE = YES;
				CLANG_WARN__DUPLICATE_METHOD_MATCH = YES;
				"CODE_SIGN_IDENTITY[sdk=iphoneos*]" = "iPhone Developer";
				COPY_PHASE_STRIP = NO;
				DEBUG_INFORMATION_FORMAT = dwarf;
				ENABLE_STRICT_OBJC_MSGSEND = YES;
				ENABLE_TESTABILITY = YES;
				GCC_C_LANGUAGE_STANDARD = gnu99;
				GCC_DYNAMIC_NO_PIC = NO;
				GCC_NO_COMMON_BLOCKS = YES;
				GCC_OPTIMIZATION_LEVEL = 0;
				GCC_PREPROCESSOR_DEFINITIONS = (
					"DEBUG=1",
					"$(inherited)",
				);
				GCC_WARN_64_TO_32_BIT_CONVERSION = YES;
				GCC_WARN_ABOUT_RETURN_TYPE = YES_ERROR;
				GCC_WARN_UNDECLARED_SELECTOR = YES;
				GCC_WARN_UNINITIALIZED_AUTOS = YES_AGGRESSIVE;
				GCC_WARN_UNUSED_FUNCTION = YES;
				GCC_WARN_UNUSED_VARIABLE = YES;
				IPHONEOS_DEPLOYMENT_TARGET = 10.2;
				MTL_ENABLE_DEBUG_INFO = YES;
				ONLY_ACTIVE_ARCH = YES;
				SDKROOT = iphoneos;
			};
			name = Debug;
		};
		E0C92D0D1E8BFCAD00BA3258 /* Release */ = {
			isa = XCBuildConfiguration;
			buildSettings = {
				ALWAYS_SEARCH_USER_PATHS = NO;
				CLANG_ANALYZER_NONNULL = YES;
				CLANG_CXX_LANGUAGE_STANDARD = "gnu++0x";
				CLANG_CXX_LIBRARY = "libc++";
				CLANG_ENABLE_MODULES = YES;
				CLANG_ENABLE_OBJC_ARC = YES;
				CLANG_WARN_BOOL_CONVERSION = YES;
				CLANG_WARN_CONSTANT_CONVERSION = YES;
				CLANG_WARN_DIRECT_OBJC_ISA_USAGE = YES_ERROR;
				CLANG_WARN_DOCUMENTATION_COMMENTS = YES;
				CLANG_WARN_EMPTY_BODY = YES;
				CLANG_WARN_ENUM_CONVERSION = YES;
				CLANG_WARN_INFINITE_RECURSION = YES;
				CLANG_WARN_INT_CONVERSION = YES;
				CLANG_WARN_OBJC_ROOT_CLASS = YES_ERROR;
				CLANG_WARN_SUSPICIOUS_MOVE = YES;
				CLANG_WARN_UNREACHABLE_CODE = YES;
				CLANG_WARN__DUPLICATE_METHOD_MATCH = YES;
				"CODE_SIGN_IDENTITY[sdk=iphoneos*]" = "iPhone Developer";
				COPY_PHASE_STRIP = NO;
				DEBUG_INFORMATION_FORMAT = "dwarf-with-dsym";
				ENABLE_NS_ASSERTIONS = NO;
				ENABLE_STRICT_OBJC_MSGSEND = YES;
				GCC_C_LANGUAGE_STANDARD = gnu99;
				GCC_NO_COMMON_BLOCKS = YES;
				GCC_WARN_64_TO_32_BIT_CONVERSION = YES;
				GCC_WARN_ABOUT_RETURN_TYPE = YES_ERROR;
				GCC_WARN_UNDECLARED_SELECTOR = YES;
				GCC_WARN_UNINITIALIZED_AUTOS = YES_AGGRESSIVE;
				GCC_WARN_UNUSED_FUNCTION = YES;
				GCC_WARN_UNUSED_VARIABLE = YES;
				IPHONEOS_DEPLOYMENT_TARGET = 10.2;
				MTL_ENABLE_DEBUG_INFO = NO;
				SDKROOT = iphoneos;
				VALIDATE_PRODUCT = YES;
			};
			name = Release;
		};
		E0C92D0F1E8BFCAD00BA3258 /* Debug */ = {
			isa = XCBuildConfiguration;
			buildSettings = {
				ASSETCATALOG_COMPILER_APPICON_NAME = AppIcon;
				CODE_SIGN_IDENTITY = "iPhone Developer";
				"CODE_SIGN_IDENTITY[sdk=iphoneos*]" = "iPhone Developer";
				DEVELOPMENT_TEAM = "";
				INFOPLIST_FILE = TestApp/Info.plist;
				LD_RUNPATH_SEARCH_PATHS = "$(inherited) @executable_path/Frameworks";
				OTHER_LDFLAGS = "";
				PRODUCT_BUNDLE_IDENTIFIER = com.csdq.test;
				PRODUCT_NAME = "$(TARGET_NAME)";
				PROVISIONING_PROFILE_SPECIFIER = "";
			};
			name = Debug;
		};
		E0C92D101E8BFCAD00BA3258 /* Release */ = {
			isa = XCBuildConfiguration;
			buildSettings = {
				ASSETCATALOG_COMPILER_APPICON_NAME = AppIcon;
				CODE_SIGN_IDENTITY = "iPhone Distribution";
				"CODE_SIGN_IDENTITY[sdk=iphoneos*]" = "iPhone Developer";
				DEVELOPMENT_TEAM = "";
				INFOPLIST_FILE = TestApp/Info.plist;
				LD_RUNPATH_SEARCH_PATHS = "$(inherited) @executable_path/Frameworks";
				OTHER_LDFLAGS = "";
				PRODUCT_BUNDLE_IDENTIFIER = com.csdq.test;
				PRODUCT_NAME = "$(TARGET_NAME)";
				PROVISIONING_PROFILE_SPECIFIER = "";
			};
			name = Release;
		};
		E0C92D121E8BFCAD00BA3258 /* Debug */ = {
			isa = XCBuildConfiguration;
			buildSettings = {
				BUNDLE_LOADER = "$(TEST_HOST)";
				INFOPLIST_FILE = TestAppTests/Info.plist;
				LD_RUNPATH_SEARCH_PATHS = "$(inherited) @executable_path/Frameworks @loader_path/Frameworks";
				PRODUCT_BUNDLE_IDENTIFIER = com.csdq.TestAppTests;
				PRODUCT_NAME = "$(TARGET_NAME)";
				TEST_HOST = "$(BUILT_PRODUCTS_DIR)/TestApp.app/TestApp";
			};
			name = Debug;
		};
		E0C92D131E8BFCAD00BA3258 /* Release */ = {
			isa = XCBuildConfiguration;
			buildSettings = {
				BUNDLE_LOADER = "$(TEST_HOST)";
				INFOPLIST_FILE = TestAppTests/Info.plist;
				LD_RUNPATH_SEARCH_PATHS = "$(inherited) @executable_path/Frameworks @loader_path/Frameworks";
				PRODUCT_BUNDLE_IDENTIFIER = com.csdq.TestAppTests;
				PRODUCT_NAME = "$(TARGET_NAME)";
				TEST_HOST = "$(BUILT_PRODUCTS_DIR)/TestApp.app/TestApp";
			};
			name = Release;
		};
/* End XCBuildConfiguration section */

/* Begin XCConfigurationList section */
		E0C92CE71E8BFCAD00BA3258 /* Build configuration list for PBXProject "TestApp" */ = {
			isa = XCConfigurationList;
			buildConfigurations = (
				E0C92D0C1E8BFCAD00BA3258 /* Debug */,
				E0C92D0D1E8BFCAD00BA3258 /* Release */,
			);
			defaultConfigurationIsVisible = 0;
			defaultConfigurationName = Release;
		};
		E0C92D0E1E8BFCAD00BA3258 /* Build configuration list for PBXNativeTarget "TestApp" */ = {
			isa = XCConfigurationList;
			buildConfigurations = (
				E0C92D0F1E8BFCAD00BA3258 /* Debug */,
				E0C92D101E8BFCAD00BA3258 /* Release */,
			);
			defaultConfigurationIsVisible = 0;
			defaultConfigurationName = Release;
		};
		E0C92D111E8BFCAD00BA3258 /* Build configuration list for PBXNativeTarget "TestAppTests" */ = {
			isa = XCConfigurationList;
			buildConfigurations = (
				E0C92D121E8BFCAD00BA3258 /* Debug */,
				E0C92D131E8BFCAD00BA3258 /* Release */,
			);
			defaultConfigurationIsVisible = 0;
			defaultConfigurationName = Release;
		};
/* End XCConfigurationList section */
	};
	rootObject = E0C92CE41E8BFCAD00BA3258 /* Project object */;
}
